[[package]]
category = "dev"
description = "The Cython compiler for writing C extensions for the Python language."
name = "cython"
optional = false
python-versions = "*"
version = "0.26.1"

[[package]]
category = "dev"
description = "Modern, elegant, minimalistic but powerful plugin system for Python 3.5+."
name = "offshoot"
optional = false
python-versions = "*"
version = "0.1.6"

[package.dependencies]
PyYaml = "*"

[[package]]
category = "dev"
description = "YAML parser and emitter for Python"
name = "pyyaml"
optional = false
python-versions = ">=2.7, !=3.0.*, !=3.1.*, !=3.2.*, !=3.3.*, !=3.4.*"
version = "5.3.1"

[[package]]
category = "dev"
description = "Game Agent Development Kit. Helping you create AIs / Bots to play any game you own!"
name = "serpentai"
optional = false
python-versions = "*"
version = "2018.1.2"

[package.dependencies]
Cython = "0.26.1"
offshoot = "*"

[metadata]
content-hash = "6a96646d91cd9359fefc7d5c7683a36510174966d547eca1bdca0f300e015a38"
python-versions = "3.6"

[metadata.files]
cython = [
    {file = "Cython-0.26.1-cp26-cp26m-manylinux1_i686.whl", hash = "sha256:98262ce1805a0330d755006d3d72c203279f84881ce08eecf2b6fd9b5b66e9cd"},
    {file = "Cython-0.26.1-cp26-cp26m-manylinux1_x86_64.whl", hash = "sha256:941e836335d97226ca98cd613d2a8db65e7fdfeec0707b6bf8fc7f923a360903"},
    {file = "Cython-0.26.1-cp26-cp26m-win32.whl", hash = "sha256:fedfa9211e4abfd75022e1b9124e395374f88c88442523de8c2ede117711ffe3"},
    {file = "Cython-0.26.1-cp26-cp26m-win_amd64.whl", hash = "sha256:d91e105fef5a622d776380c4e49a2c5e28d6be631d384756b67d561c09692eb1"},
    {file = "Cython-0.26.1-cp26-cp26mu-manylinux1_i686.whl", hash = "sha256:396a1c5ecc4210dd41b6521cd8398e7955784982b5a369695ae21176db31bdf7"},
    {file = "Cython-0.26.1-cp26-cp26mu-manylinux1_x86_64.whl", hash = "sha256:4c11f0b79abac9779c24c0fbeeac21389766ffa60db54caa043292091091d2b4"},
    {file = "Cython-0.26.1-cp27-cp27m-macosx_10_6_intel.macosx_10_9_intel.macosx_10_9_x86_64.macosx_10_10_intel.macosx_10_10_x86_64.whl", hash = "sha256:1a4e373da9c1a20b48b0f542fdd01b79841f51297075df9c6049c20203409d81"},
    {file = "Cython-0.26.1-cp27-cp27m-manylinux1_i686.whl", hash = "sha256:64961a6003bd236988d063d76754bd47565a4fdf26e0699e89282682179211e6"},
    {file = "Cython-0.26.1-cp27-cp27m-manylinux1_x86_64.whl", hash = "sha256:50f4e33b164bceb821d1c4375d7668ad17aeac7a78ec245a861386d5ce0a0563"},
    {file = "Cython-0.26.1-cp27-cp27m-win32.whl", hash = "sha256:ebb35f14ac61779465b1c97515bd1a7886fa795780bc35eb354b192a32896768"},
    {file = "Cython-0.26.1-cp27-cp27m-win_amd64.whl", hash = "sha256:5dbf22d73cca80bab3e82f0bb7579ec07fcab9baed728e374ea454c423f3c9a3"},
    {file = "Cython-0.26.1-cp27-cp27mu-manylinux1_i686.whl", hash = "sha256:738d510499c2d92b307d26ad6bc5794bbed21105679124b78f92f05c6d58776f"},
    {file = "Cython-0.26.1-cp27-cp27mu-manylinux1_x86_64.whl", hash = "sha256:3fc982053c4a780c98448882c02a9b7ef85be6308b714e5b78be72e67b748fee"},
    {file = "Cython-0.26.1-cp33-cp33m-macosx_10_6_x86_64.macosx_10_9_intel.macosx_10_9_x86_64.macosx_10_10_intel.macosx_10_10_x86_64.whl", hash = "sha256:9a60e6e283bddf3d2cf674d896c457e9ee3cf2eeb679a9392c57e93da658067f"},
    {file = "Cython-0.26.1-cp33-cp33m-manylinux1_i686.whl", hash = "sha256:54b73ff7a5c59d8455655e97c412b9e7b6b4f484c33a21fd66f463fc16d8d700"},
    {file = "Cython-0.26.1-cp33-cp33m-manylinux1_x86_64.whl", hash = "sha256:64ec98d442ab2b56a1e743a7c524c4456c78757245c53cd102dd4f60b6981cf1"},
    {file = "Cython-0.26.1-cp33-cp33m-win32.whl", hash = "sha256:7ff8250b1cc70e35d878cacffaea9ea875125f8c71f856ec93307e8dd5f8d059"},
    {file = "Cython-0.26.1-cp33-cp33m-win_amd64.whl", hash = "sha256:6b20e1aa533be34c333aa67c37dcb8fa5281e80f155f7d44ed8e86fb6283d368"},
    {file = "Cython-0.26.1-cp34-cp34m-macosx_10_6_intel.macosx_10_9_intel.macosx_10_9_x86_64.macosx_10_10_intel.macosx_10_10_x86_64.whl", hash = "sha256:b6fdf64c756bc42eca4f42cd3b81a3b746126868edf34c6e10f6fcf6b7717338"},
    {file = "Cython-0.26.1-cp34-cp34m-manylinux1_i686.whl", hash = "sha256:3f683f22c0221b4d65e6a1738f4e8c17a0719d6e82a86b0897c74fa0d24fef78"},
    {file = "Cython-0.26.1-cp34-cp34m-manylinux1_x86_64.whl", hash = "sha256:a9e2cbfdeb6e4eeb3f95e2dcc92d71cbb36cf042b987b6810e3e759869085410"},
    {file = "Cython-0.26.1-cp34-cp34m-win32.whl", hash = "sha256:1fdb73fda01469bfe0c26f79ef62348888ea11bce9b92c187b58a7f9a30a9e2f"},
    {file = "Cython-0.26.1-cp34-cp34m-win_amd64.whl", hash = "sha256:d07db732baa5fa5ca9383b272b50905e65665e1b4ea28426708f847bb41eeab2"},
    {file = "Cython-0.26.1-cp35-cp35m-macosx_10_6_intel.macosx_10_9_intel.macosx_10_9_x86_64.macosx_10_10_intel.macosx_10_10_x86_64.whl", hash = "sha256:ef5e49ed50c856e31d134164a05bfc9ea2f65d2d40ed65dd1dfd455a93b73d40"},
    {file = "Cython-0.26.1-cp35-cp35m-manylinux1_i686.whl", hash = "sha256:710c4b312a2c752101e34d6875f9a5ab24956d41016430e8cb453de7137be464"},
    {file = "Cython-0.26.1-cp35-cp35m-manylinux1_x86_64.whl", hash = "sha256:c7df43ee3fade5471a5a990d90b4c44a3b964e63b101759ccf6a06c049d6b2a4"},
    {file = "Cython-0.26.1-cp35-cp35m-win32.whl", hash = "sha256:7c2f3fb93d5cfe57d6b965c5cb29083e122af528efbb27e00c2a3a59c6fd4ddd"},
    {file = "Cython-0.26.1-cp35-cp35m-win_amd64.whl", hash = "sha256:71e47fbe29e78e7bb2d998f90d9051442c33560549a61777f5696b3ee18729d4"},
    {file = "Cython-0.26.1-cp36-cp36m-macosx_10_6_intel.macosx_10_9_intel.macosx_10_9_x86_64.macosx_10_10_intel.macosx_10_10_x86_64.whl", hash = "sha256:31d155b4e4902644bd2867c624b1cd3e11545b213f84a1d028f0df14a3b22612"},
    {file = "Cython-0.26.1-cp36-cp36m-manylinux1_i686.whl", hash = "sha256:fbb7d093d541f4ccccdff33897d87e85503be5c5ebe05f25fe6a6648238f507a"},
    {file = "Cython-0.26.1-cp36-cp36m-manylinux1_x86_64.whl", hash = "sha256:c0dcca01098684d4356604077ef644c046643bb766ee237cad88ae4e82921445"},
    {file = "Cython-0.26.1-cp36-cp36m-win32.whl", hash = "sha256:bacce121c7d30801f72ef0268a265e6506f11690056bdd14fd41b6b6204d8db3"},
    {file = "Cython-0.26.1-cp36-cp36m-win_amd64.whl", hash = "sha256:f11e9445830125000a353a9e49ff3d1b6f0f43affe2925222c8790ca03a19483"},
    {file = "Cython-0.26.1.tar.gz", hash = "sha256:c2e63c4794161135adafa8aa4a855d6068073f421c83ffacc39369497a189dd5"},
]
offshoot = [
    {file = "offshoot-0.1.6.tar.gz", hash = "sha256:01c693ad4982c8618a29f7b7f438f6150ccad366ecc7b04abc9c72a58158b716"},
]
pyyaml = [
    {file = "PyYAML-5.3.1-cp27-cp27m-win32.whl", hash = "sha256:74809a57b329d6cc0fdccee6318f44b9b8649961fa73144a98735b0aaf029f1f"},
    {file = "PyYAML-5.3.1-cp27-cp27m-win_amd64.whl", hash = "sha256:240097ff019d7c70a4922b6869d8a86407758333f02203e0fc6ff79c5dcede76"},
    {file = "PyYAML-5.3.1-cp35-cp35m-win32.whl", hash = "sha256:4f4b913ca1a7319b33cfb1369e91e50354d6f07a135f3b901aca02aa95940bd2"},
    {file = "PyYAML-5.3.1-cp35-cp35m-win_amd64.whl", hash = "sha256:cc8955cfbfc7a115fa81d85284ee61147059a753344bc51098f3ccd69b0d7e0c"},
    {file = "PyYAML-5.3.1-cp36-cp36m-win32.whl", hash = "sha256:7739fc0fa8205b3ee8808aea45e968bc90082c10aef6ea95e855e10abf4a37b2"},
    {file = "PyYAML-5.3.1-cp36-cp36m-win_amd64.whl", hash = "sha256:69f00dca373f240f842b2931fb2c7e14ddbacd1397d57157a9b005a6a9942648"},
    {file = "PyYAML-5.3.1-cp37-cp37m-win32.whl", hash = "sha256:d13155f591e6fcc1ec3b30685d50bf0711574e2c0dfffd7644babf8b5102ca1a"},
    {file = "PyYAML-5.3.1-cp37-cp37m-win_amd64.whl", hash = "sha256:73f099454b799e05e5ab51423c7bcf361c58d3206fa7b0d555426b1f4d9a3eaf"},
    {file = "PyYAML-5.3.1-cp38-cp38-win32.whl", hash = "sha256:06a0d7ba600ce0b2d2fe2e78453a470b5a6e000a985dd4a4e54e436cc36b0e97"},
    {file = "PyYAML-5.3.1-cp38-cp38-win_amd64.whl", hash = "sha256:95f71d2af0ff4227885f7a6605c37fd53d3a106fcab511b8860ecca9fcf400ee"},
    {file = "PyYAML-5.3.1.tar.gz", hash = "sha256:b8eac752c5e14d3eca0e6dd9199cd627518cb5ec06add0de9d32baeee6fe645d"},
]
serpentai = [
    {file = "SerpentAI-2018.1.2.tar.gz", hash = "sha256:36c54ab02d38508840aa0b5ee47d07f69ef21bb337040c213db77cfb2d85f3fa"},
]
